
Microsoft Visual Studio Solution File, Format Version 12.00
# Visual Studio Version 17
VisualStudioVersion = 17.3.32929.385
MinimumVisualStudioVersion = 10.0.40219.1
Project("{FAE04EC0-301F-11D3-BF4B-00C04F79EFBC}") = "Lesson15", "Lesson15\Lesson15.csproj", "{50442411-5098-4A86-8B06-8B0CC6D8B87A}"
EndProject
Global
	GlobalSection(SolutionConfigurationPlatforms) = preSolution
		Debug|Any CPU = Debug|Any CPU
		Release|Any CPU = Release|Any CPU
	EndGlobalSection
	GlobalSection(ProjectConfigurationPlatforms) = postSolution
		{50442411-5098-4A86-8B06-8B0CC6D8B87A}.Debug|Any CPU.ActiveCfg = Debug|Any CPU
		{50442411-5098-4A86-8B06-8B0CC6D8B87A}.Debug|Any CPU.Build.0 = Debug|Any CPU
		{50442411-5098-4A86-8B06-8B0CC6D8B87A}.Release|Any CPU.ActiveCfg = Release|Any CPU
		{50442411-5098-4A86-8B06-8B0CC6D8B87A}.Release|Any CPU.Build.0 = Release|Any CPU
	EndGlobalSection
	GlobalSection(SolutionProperties) = preSolution
		HideSolutionNode = FALSE
	EndGlobalSection
	GlobalSection(ExtensibilityGlobals) = postSolution
		SolutionGuid = {DB18A4AD-DABB-4961-BDF7-36488BD86395}
	EndGlobalSection
EndGlobal
